
Microsoft Visual Studio Solution File, Format Version 12.00
# Visual Studio Version 16
VisualStudioVersion = 16.0.32428.217
MinimumVisualStudioVersion = 10.0.40219.1
Project("{00D1A9C2-B5F0-4AF3-8072-F6C62B433612}") = "Brive.Bootcamp.Project.DB", "Brive.Bootcamp.Project.DB\Brive.Bootcamp.Project.DB.sqlproj", "{9AE1CDBB-D6C1-4833-86CE-22FFEEC94AED}"
EndProject
Global
	GlobalSection(SolutionConfigurationPlatforms) = preSolution
		Debug|Any CPU = Debug|Any CPU
		Release|Any CPU = Release|Any CPU
	EndGlobalSection
	GlobalSection(ProjectConfigurationPlatforms) = postSolution
		{9AE1CDBB-D6C1-4833-86CE-22FFEEC94AED}.Debug|Any CPU.ActiveCfg = Debug|Any CPU
		{9AE1CDBB-D6C1-4833-86CE-22FFEEC94AED}.Debug|Any CPU.Build.0 = Debug|Any CPU
		{9AE1CDBB-D6C1-4833-86CE-22FFEEC94AED}.Debug|Any CPU.Deploy.0 = Debug|Any CPU
		{9AE1CDBB-D6C1-4833-86CE-22FFEEC94AED}.Release|Any CPU.ActiveCfg = Release|Any CPU
		{9AE1CDBB-D6C1-4833-86CE-22FFEEC94AED}.Release|Any CPU.Build.0 = Release|Any CPU
		{9AE1CDBB-D6C1-4833-86CE-22FFEEC94AED}.Release|Any CPU.Deploy.0 = Release|Any CPU
	EndGlobalSection
	GlobalSection(SolutionProperties) = preSolution
		HideSolutionNode = FALSE
	EndGlobalSection
	GlobalSection(ExtensibilityGlobals) = postSolution
		SolutionGuid = {DAAF858C-6E6A-4C52-8C46-FABAD0262ADD}
	EndGlobalSection
EndGlobal
